// !$*UTF8*$!
{
	archiveVersion = 1;
	classes = {
	};
	objectVersion = 50;
	objects = {

/* Begin PBXBuildFile section */
		FA1D2A17225BD9FF00F24351 /* ListViewController.swift in Sources */ = {isa = PBXBuildFile; fileRef = FA1D2A16225BD9FF00F24351 /* ListViewController.swift */; };
		FA1D2A19225BDA0900F24351 /* ListViewPresenter.swift in Sources */ = {isa = PBXBuildFile; fileRef = FA1D2A18225BDA0900F24351 /* ListViewPresenter.swift */; };
		FA1D2A1B225BDA1700F24351 /* ListFactory.swift in Sources */ = {isa = PBXBuildFile; fileRef = FA1D2A1A225BDA1700F24351 /* ListFactory.swift */; };
		FA1D2A1D225BDA1E00F24351 /* ListRoutes.swift in Sources */ = {isa = PBXBuildFile; fileRef = FA1D2A1C225BDA1E00F24351 /* ListRoutes.swift */; };
		FA1D2A20225BDB5F00F24351 /* ModelCollectionViewCell.swift in Sources */ = {isa = PBXBuildFile; fileRef = FA1D2A1E225BDB5F00F24351 /* ModelCollectionViewCell.swift */; };
		FA1D2A23225BDCBD00F24351 /* ModelManager.swift in Sources */ = {isa = PBXBuildFile; fileRef = FA1D2A22225BDCBD00F24351 /* ModelManager.swift */; };
		FA1D2A25225C92B400F24351 /* MainMenuContainer.swift in Sources */ = {isa = PBXBuildFile; fileRef = FA1D2A24225C92B400F24351 /* MainMenuContainer.swift */; };
		FA1D2A27225C92F900F24351 /* DefaultModelLocalRepository.swift in Sources */ = {isa = PBXBuildFile; fileRef = FA1D2A26225C92F900F24351 /* DefaultModelLocalRepository.swift */; };
		FA22FBE62258BE5900E2E75A /* AppDelegate.swift in Sources */ = {isa = PBXBuildFile; fileRef = FA22FBE52258BE5900E2E75A /* AppDelegate.swift */; };
		FA22FBED2258BE5B00E2E75A /* Assets.xcassets in Resources */ = {isa = PBXBuildFile; fileRef = FA22FBEC2258BE5B00E2E75A /* Assets.xcassets */; };
		FA22FBF02258BE5B00E2E75A /* LaunchScreen.storyboard in Resources */ = {isa = PBXBuildFile; fileRef = FA22FBEE2258BE5B00E2E75A /* LaunchScreen.storyboard */; };
		FA81AAC822BCB08800355769 /* AddOneView.swift in Sources */ = {isa = PBXBuildFile; fileRef = FA81AAC722BCB08800355769 /* AddOneView.swift */; };
		FA81AACA22BCB13F00355769 /* Cartfile in Resources */ = {isa = PBXBuildFile; fileRef = FA81AAC922BCB13F00355769 /* Cartfile */; };
		FA81AACC22BCBB9400355769 /* RCKit.framework in Frameworks */ = {isa = PBXBuildFile; fileRef = FA81AACB22BCBB9400355769 /* RCKit.framework */; };
		FA81AAF922BCD07800355769 /* ListView.swift in Sources */ = {isa = PBXBuildFile; fileRef = FA81AAF822BCD07800355769 /* ListView.swift */; };
		FA81AAFB22BCD7F300355769 /* DetailView.swift in Sources */ = {isa = PBXBuildFile; fileRef = FA81AAFA22BCD7F300355769 /* DetailView.swift */; };
		FAB56273225A56F200DE09E5 /* ApplicationCoordinator.swift in Sources */ = {isa = PBXBuildFile; fileRef = FAB56272225A56F200DE09E5 /* ApplicationCoordinator.swift */; };
		FAB56277225A83DC00DE09E5 /* PreferencesManager.swift in Sources */ = {isa = PBXBuildFile; fileRef = FAB56276225A83DC00DE09E5 /* PreferencesManager.swift */; };
		FAB56279225A840F00DE09E5 /* AppContainer.swift in Sources */ = {isa = PBXBuildFile; fileRef = FAB56278225A840F00DE09E5 /* AppContainer.swift */; };
		FAB5627B225A85D600DE09E5 /* KeyValueStorage.swift in Sources */ = {isa = PBXBuildFile; fileRef = FAB5627A225A85D600DE09E5 /* KeyValueStorage.swift */; };
		FAB5627D225A879500DE09E5 /* DefaultCoordinatorActionFactory.swift in Sources */ = {isa = PBXBuildFile; fileRef = FAB5627C225A879500DE09E5 /* DefaultCoordinatorActionFactory.swift */; };
		FAB56280225A8BBE00DE09E5 /* MainMenuCoordinator.swift in Sources */ = {isa = PBXBuildFile; fileRef = FAB5627F225A8BBE00DE09E5 /* MainMenuCoordinator.swift */; };
		FAB56285225A8CE700DE09E5 /* Model.swift in Sources */ = {isa = PBXBuildFile; fileRef = FAB56284225A8CE700DE09E5 /* Model.swift */; };
		FAB56288225B745000DE09E5 /* RMModel.swift in Sources */ = {isa = PBXBuildFile; fileRef = FAB56287225B745000DE09E5 /* RMModel.swift */; };
		FAB5628B225B754700DE09E5 /* ModelRemoteRepository.swift in Sources */ = {isa = PBXBuildFile; fileRef = FAB5628A225B754700DE09E5 /* ModelRemoteRepository.swift */; };
		FAB5628F225B75D300DE09E5 /* DefaultModelRemoteRepository.swift in Sources */ = {isa = PBXBuildFile; fileRef = FAB5628E225B75D300DE09E5 /* DefaultModelRemoteRepository.swift */; };
		FAB56291225B7A4700DE09E5 /* ModelLocalRepository.swift in Sources */ = {isa = PBXBuildFile; fileRef = FAB56290225B7A4700DE09E5 /* ModelLocalRepository.swift */; };
		FACB36E2225D22D0009439B5 /* DetailRoutes.swift in Sources */ = {isa = PBXBuildFile; fileRef = FACB36E1225D22D0009439B5 /* DetailRoutes.swift */; };
		FACB36E6225D22E4009439B5 /* DetailPresenter.swift in Sources */ = {isa = PBXBuildFile; fileRef = FACB36E5225D22E4009439B5 /* DetailPresenter.swift */; };
		FACB36E8225D22FE009439B5 /* DetailFactory.swift in Sources */ = {isa = PBXBuildFile; fileRef = FACB36E7225D22FE009439B5 /* DetailFactory.swift */; };
		FACB36EB225D35BB009439B5 /* DetailViewController.swift in Sources */ = {isa = PBXBuildFile; fileRef = FACB36E9225D35BB009439B5 /* DetailViewController.swift */; };
		FACB36EF225D4717009439B5 /* AddOneCoordinator.swift in Sources */ = {isa = PBXBuildFile; fileRef = FACB36EE225D4717009439B5 /* AddOneCoordinator.swift */; };
		FACB36F1225D47F2009439B5 /* UIView+Extensions.swift in Sources */ = {isa = PBXBuildFile; fileRef = FACB36F0225D47F2009439B5 /* UIView+Extensions.swift */; };
		FACB36F3225D4ABB009439B5 /* AddOneContainer.swift in Sources */ = {isa = PBXBuildFile; fileRef = FACB36F2225D4ABB009439B5 /* AddOneContainer.swift */; };
		FACB36F6225D4AFC009439B5 /* AddOneRoutes.swift in Sources */ = {isa = PBXBuildFile; fileRef = FACB36F5225D4AFC009439B5 /* AddOneRoutes.swift */; };
		FACB36F8225D4B07009439B5 /* AddOneFactory.swift in Sources */ = {isa = PBXBuildFile; fileRef = FACB36F7225D4B07009439B5 /* AddOneFactory.swift */; };
		FACB36FA225D4B15009439B5 /* AddOnePresenter.swift in Sources */ = {isa = PBXBuildFile; fileRef = FACB36F9225D4B15009439B5 /* AddOnePresenter.swift */; };
		FACB36FD225D4C42009439B5 /* AddOneViewController.swift in Sources */ = {isa = PBXBuildFile; fileRef = FACB36FB225D4C42009439B5 /* AddOneViewController.swift */; };
		FAF9865F2258C52A00A33BAB /* RealmSwift.framework in Frameworks */ = {isa = PBXBuildFile; fileRef = FAF986592258C52A00A33BAB /* RealmSwift.framework */; };
		FAF986612258C52A00A33BAB /* Realm.framework in Frameworks */ = {isa = PBXBuildFile; fileRef = FAF9865B2258C52A00A33BAB /* Realm.framework */; };
		FAF986622258C52A00A33BAB /* RxCocoa.framework in Frameworks */ = {isa = PBXBuildFile; fileRef = FAF9865C2258C52A00A33BAB /* RxCocoa.framework */; };
		FAF986632258C52A00A33BAB /* RxSwift.framework in Frameworks */ = {isa = PBXBuildFile; fileRef = FAF9865D2258C52A00A33BAB /* RxSwift.framework */; };
		FAF986642258C52A00A33BAB /* Swinject.framework in Frameworks */ = {isa = PBXBuildFile; fileRef = FAF9865E2258C52A00A33BAB /* Swinject.framework */; };
/* End PBXBuildFile section */

/* Begin PBXFileReference section */
		FA1D2A16225BD9FF00F24351 /* ListViewController.swift */ = {isa = PBXFileReference; lastKnownFileType = sourcecode.swift; path = ListViewController.swift; sourceTree = "<group>"; };
		FA1D2A18225BDA0900F24351 /* ListViewPresenter.swift */ = {isa = PBXFileReference; lastKnownFileType = sourcecode.swift; path = ListViewPresenter.swift; sourceTree = "<group>"; };
		FA1D2A1A225BDA1700F24351 /* ListFactory.swift */ = {isa = PBXFileReference; lastKnownFileType = sourcecode.swift; path = ListFactory.swift; sourceTree = "<group>"; };
		FA1D2A1C225BDA1E00F24351 /* ListRoutes.swift */ = {isa = PBXFileReference; lastKnownFileType = sourcecode.swift; path = ListRoutes.swift; sourceTree = "<group>"; };
		FA1D2A1E225BDB5F00F24351 /* ModelCollectionViewCell.swift */ = {isa = PBXFileReference; lastKnownFileType = sourcecode.swift; path = ModelCollectionViewCell.swift; sourceTree = "<group>"; };
		FA1D2A22225BDCBD00F24351 /* ModelManager.swift */ = {isa = PBXFileReference; lastKnownFileType = sourcecode.swift; path = ModelManager.swift; sourceTree = "<group>"; };
		FA1D2A24225C92B400F24351 /* MainMenuContainer.swift */ = {isa = PBXFileReference; lastKnownFileType = sourcecode.swift; path = MainMenuContainer.swift; sourceTree = "<group>"; };
		FA1D2A26225C92F900F24351 /* DefaultModelLocalRepository.swift */ = {isa = PBXFileReference; lastKnownFileType = sourcecode.swift; path = DefaultModelLocalRepository.swift; sourceTree = "<group>"; };
		FA22FBE22258BE5900E2E75A /* AppArchitecture.app */ = {isa = PBXFileReference; explicitFileType = wrapper.application; includeInIndex = 0; path = AppArchitecture.app; sourceTree = BUILT_PRODUCTS_DIR; };
		FA22FBE52258BE5900E2E75A /* AppDelegate.swift */ = {isa = PBXFileReference; lastKnownFileType = sourcecode.swift; path = AppDelegate.swift; sourceTree = "<group>"; };
		FA22FBEC2258BE5B00E2E75A /* Assets.xcassets */ = {isa = PBXFileReference; lastKnownFileType = folder.assetcatalog; path = Assets.xcassets; sourceTree = "<group>"; };
		FA22FBEF2258BE5B00E2E75A /* Base */ = {isa = PBXFileReference; lastKnownFileType = file.storyboard; name = Base; path = Base.lproj/LaunchScreen.storyboard; sourceTree = "<group>"; };
		FA22FBF12258BE5B00E2E75A /* Info.plist */ = {isa = PBXFileReference; lastKnownFileType = text.plist.xml; path = Info.plist; sourceTree = "<group>"; };
		FA81AAC722BCB08800355769 /* AddOneView.swift */ = {isa = PBXFileReference; lastKnownFileType = sourcecode.swift; path = AddOneView.swift; sourceTree = "<group>"; };
		FA81AAC922BCB13F00355769 /* Cartfile */ = {isa = PBXFileReference; fileEncoding = 4; lastKnownFileType = text; path = Cartfile; sourceTree = SOURCE_ROOT; };
		FA81AACB22BCBB9400355769 /* RCKit.framework */ = {isa = PBXFileReference; lastKnownFileType = wrapper.framework; name = RCKit.framework; path = Carthage/Build/iOS/RCKit.framework; sourceTree = "<group>"; };
		FA81AAF822BCD07800355769 /* ListView.swift */ = {isa = PBXFileReference; lastKnownFileType = sourcecode.swift; path = ListView.swift; sourceTree = "<group>"; };
		FA81AAFA22BCD7F300355769 /* DetailView.swift */ = {isa = PBXFileReference; lastKnownFileType = sourcecode.swift; path = DetailView.swift; sourceTree = "<group>"; };
		FAB56272225A56F200DE09E5 /* ApplicationCoordinator.swift */ = {isa = PBXFileReference; lastKnownFileType = sourcecode.swift; path = ApplicationCoordinator.swift; sourceTree = "<group>"; };
		FAB56276225A83DC00DE09E5 /* PreferencesManager.swift */ = {isa = PBXFileReference; lastKnownFileType = sourcecode.swift; path = PreferencesManager.swift; sourceTree = "<group>"; };
		FAB56278225A840F00DE09E5 /* AppContainer.swift */ = {isa = PBXFileReference; lastKnownFileType = sourcecode.swift; path = AppContainer.swift; sourceTree = "<group>"; };
		FAB5627A225A85D600DE09E5 /* KeyValueStorage.swift */ = {isa = PBXFileReference; lastKnownFileType = sourcecode.swift; path = KeyValueStorage.swift; sourceTree = "<group>"; };
		FAB5627C225A879500DE09E5 /* DefaultCoordinatorActionFactory.swift */ = {isa = PBXFileReference; lastKnownFileType = sourcecode.swift; path = DefaultCoordinatorActionFactory.swift; sourceTree = "<group>"; };
		FAB5627F225A8BBE00DE09E5 /* MainMenuCoordinator.swift */ = {isa = PBXFileReference; lastKnownFileType = sourcecode.swift; path = MainMenuCoordinator.swift; sourceTree = "<group>"; };
		FAB56284225A8CE700DE09E5 /* Model.swift */ = {isa = PBXFileReference; lastKnownFileType = sourcecode.swift; path = Model.swift; sourceTree = "<group>"; };
		FAB56287225B745000DE09E5 /* RMModel.swift */ = {isa = PBXFileReference; lastKnownFileType = sourcecode.swift; path = RMModel.swift; sourceTree = "<group>"; };
		FAB5628A225B754700DE09E5 /* ModelRemoteRepository.swift */ = {isa = PBXFileReference; lastKnownFileType = sourcecode.swift; path = ModelRemoteRepository.swift; sourceTree = "<group>"; };
		FAB5628E225B75D300DE09E5 /* DefaultModelRemoteRepository.swift */ = {isa = PBXFileReference; lastKnownFileType = sourcecode.swift; path = DefaultModelRemoteRepository.swift; sourceTree = "<group>"; };
		FAB56290225B7A4700DE09E5 /* ModelLocalRepository.swift */ = {isa = PBXFileReference; lastKnownFileType = sourcecode.swift; path = ModelLocalRepository.swift; sourceTree = "<group>"; };
		FACB36E1225D22D0009439B5 /* DetailRoutes.swift */ = {isa = PBXFileReference; lastKnownFileType = sourcecode.swift; path = DetailRoutes.swift; sourceTree = "<group>"; };
		FACB36E5225D22E4009439B5 /* DetailPresenter.swift */ = {isa = PBXFileReference; lastKnownFileType = sourcecode.swift; path = DetailPresenter.swift; sourceTree = "<group>"; };
		FACB36E7225D22FE009439B5 /* DetailFactory.swift */ = {isa = PBXFileReference; lastKnownFileType = sourcecode.swift; path = DetailFactory.swift; sourceTree = "<group>"; };
		FACB36E9225D35BB009439B5 /* DetailViewController.swift */ = {isa = PBXFileReference; lastKnownFileType = sourcecode.swift; path = DetailViewController.swift; sourceTree = "<group>"; };
		FACB36EE225D4717009439B5 /* AddOneCoordinator.swift */ = {isa = PBXFileReference; lastKnownFileType = sourcecode.swift; path = AddOneCoordinator.swift; sourceTree = "<group>"; };
		FACB36F0225D47F2009439B5 /* UIView+Extensions.swift */ = {isa = PBXFileReference; lastKnownFileType = sourcecode.swift; path = "UIView+Extensions.swift"; sourceTree = "<group>"; };
		FACB36F2225D4ABB009439B5 /* AddOneContainer.swift */ = {isa = PBXFileReference; lastKnownFileType = sourcecode.swift; path = AddOneContainer.swift; sourceTree = "<group>"; };
		FACB36F5225D4AFC009439B5 /* AddOneRoutes.swift */ = {isa = PBXFileReference; lastKnownFileType = sourcecode.swift; path = AddOneRoutes.swift; sourceTree = "<group>"; };
		FACB36F7225D4B07009439B5 /* AddOneFactory.swift */ = {isa = PBXFileReference; lastKnownFileType = sourcecode.swift; path = AddOneFactory.swift; sourceTree = "<group>"; };
		FACB36F9225D4B15009439B5 /* AddOnePresenter.swift */ = {isa = PBXFileReference; lastKnownFileType = sourcecode.swift; path = AddOnePresenter.swift; sourceTree = "<group>"; };
		FACB36FB225D4C42009439B5 /* AddOneViewController.swift */ = {isa = PBXFileReference; lastKnownFileType = sourcecode.swift; path = AddOneViewController.swift; sourceTree = "<group>"; };
		FAF986592258C52A00A33BAB /* RealmSwift.framework */ = {isa = PBXFileReference; lastKnownFileType = wrapper.framework; name = RealmSwift.framework; path = Carthage/Build/iOS/RealmSwift.framework; sourceTree = "<group>"; };
		FAF9865A2258C52A00A33BAB /* RxCleanKit.framework */ = {isa = PBXFileReference; lastKnownFileType = wrapper.framework; name = RxCleanKit.framework; path = Carthage/Build/iOS/RxCleanKit.framework; sourceTree = "<group>"; };
		FAF9865B2258C52A00A33BAB /* Realm.framework */ = {isa = PBXFileReference; lastKnownFileType = wrapper.framework; name = Realm.framework; path = Carthage/Build/iOS/Realm.framework; sourceTree = "<group>"; };
		FAF9865C2258C52A00A33BAB /* RxCocoa.framework */ = {isa = PBXFileReference; lastKnownFileType = wrapper.framework; name = RxCocoa.framework; path = Carthage/Build/iOS/RxCocoa.framework; sourceTree = "<group>"; };
		FAF9865D2258C52A00A33BAB /* RxSwift.framework */ = {isa = PBXFileReference; lastKnownFileType = wrapper.framework; name = RxSwift.framework; path = Carthage/Build/iOS/RxSwift.framework; sourceTree = "<group>"; };
		FAF9865E2258C52A00A33BAB /* Swinject.framework */ = {isa = PBXFileReference; lastKnownFileType = wrapper.framework; name = Swinject.framework; path = Carthage/Build/iOS/Swinject.framework; sourceTree = "<group>"; };
/* End PBXFileReference section */

/* Begin PBXFrameworksBuildPhase section */
		FA22FBDF2258BE5900E2E75A /* Frameworks */ = {
			isa = PBXFrameworksBuildPhase;
			buildActionMask = 2147483647;
			files = (
				FA81AACC22BCBB9400355769 /* RCKit.framework in Frameworks */,
				FAF9865F2258C52A00A33BAB /* RealmSwift.framework in Frameworks */,
				FAF986612258C52A00A33BAB /* Realm.framework in Frameworks */,
				FAF986622258C52A00A33BAB /* RxCocoa.framework in Frameworks */,
				FAF986632258C52A00A33BAB /* RxSwift.framework in Frameworks */,
				FAF986642258C52A00A33BAB /* Swinject.framework in Frameworks */,
			);
			runOnlyForDeploymentPostprocessing = 0;
		};
/* End PBXFrameworksBuildPhase section */

/* Begin PBXGroup section */
		FA22FBD92258BE5900E2E75A = {
			isa = PBXGroup;
			children = (
				FA22FBE42258BE5900E2E75A /* AppArchitecture */,
				FA22FBE32258BE5900E2E75A /* Products */,
				FAF986582258C52900A33BAB /* Frameworks */,
			);
			sourceTree = "<group>";
		};
		FA22FBE32258BE5900E2E75A /* Products */ = {
			isa = PBXGroup;
			children = (
				FA22FBE22258BE5900E2E75A /* AppArchitecture.app */,
			);
			name = Products;
			sourceTree = "<group>";
		};
		FA22FBE42258BE5900E2E75A /* AppArchitecture */ = {
			isa = PBXGroup;
			children = (
				FA81AAC922BCB13F00355769 /* Cartfile */,
				FAB56275225A570600DE09E5 /* Flows */,
				FAB56274225A56FD00DE09E5 /* Logic */,
				FA22FBE52258BE5900E2E75A /* AppDelegate.swift */,
				FA22FBEC2258BE5B00E2E75A /* Assets.xcassets */,
				FA22FBEE2258BE5B00E2E75A /* LaunchScreen.storyboard */,
				FA22FBF12258BE5B00E2E75A /* Info.plist */,
				FAB56278225A840F00DE09E5 /* AppContainer.swift */,
			);
			path = AppArchitecture;
			sourceTree = "<group>";
		};
		FAB56274225A56FD00DE09E5 /* Logic */ = {
			isa = PBXGroup;
			children = (
				FAB56289225B753C00DE09E5 /* Repository */,
				FAB56283225A8CD400DE09E5 /* Model */,
				FAB56276225A83DC00DE09E5 /* PreferencesManager.swift */,
				FAB5627A225A85D600DE09E5 /* KeyValueStorage.swift */,
				FAB5627C225A879500DE09E5 /* DefaultCoordinatorActionFactory.swift */,
				FA1D2A22225BDCBD00F24351 /* ModelManager.swift */,
				FACB36F0225D47F2009439B5 /* UIView+Extensions.swift */,
			);
			path = Logic;
			sourceTree = "<group>";
		};
		FAB56275225A570600DE09E5 /* Flows */ = {
			isa = PBXGroup;
			children = (
				FACB36ED225D4707009439B5 /* AddOneFlow */,
				FAB5627E225A8A4300DE09E5 /* MainMenuFlow */,
				FAB56272225A56F200DE09E5 /* ApplicationCoordinator.swift */,
			);
			path = Flows;
			sourceTree = "<group>";
		};
		FAB5627E225A8A4300DE09E5 /* MainMenuFlow */ = {
			isa = PBXGroup;
			children = (
				FAB56282225A8CAB00DE09E5 /* Detail */,
				FAB56281225A8CA200DE09E5 /* List */,
				FAB5627F225A8BBE00DE09E5 /* MainMenuCoordinator.swift */,
				FA1D2A24225C92B400F24351 /* MainMenuContainer.swift */,
			);
			path = MainMenuFlow;
			sourceTree = "<group>";
		};
		FAB56281225A8CA200DE09E5 /* List */ = {
			isa = PBXGroup;
			children = (
				FA1D2A16225BD9FF00F24351 /* ListViewController.swift */,
				FA1D2A18225BDA0900F24351 /* ListViewPresenter.swift */,
				FA1D2A1A225BDA1700F24351 /* ListFactory.swift */,
				FA1D2A1C225BDA1E00F24351 /* ListRoutes.swift */,
				FA1D2A1E225BDB5F00F24351 /* ModelCollectionViewCell.swift */,
				FA81AAF822BCD07800355769 /* ListView.swift */,
			);
			path = List;
			sourceTree = "<group>";
		};
		FAB56282225A8CAB00DE09E5 /* Detail */ = {
			isa = PBXGroup;
			children = (
				FACB36E1225D22D0009439B5 /* DetailRoutes.swift */,
				FACB36E5225D22E4009439B5 /* DetailPresenter.swift */,
				FACB36E7225D22FE009439B5 /* DetailFactory.swift */,
				FACB36E9225D35BB009439B5 /* DetailViewController.swift */,
				FA81AAFA22BCD7F300355769 /* DetailView.swift */,
			);
			path = Detail;
			sourceTree = "<group>";
		};
		FAB56283225A8CD400DE09E5 /* Model */ = {
			isa = PBXGroup;
			children = (
				FAB56286225B744500DE09E5 /* RM */,
				FAB56284225A8CE700DE09E5 /* Model.swift */,
			);
			path = Model;
			sourceTree = "<group>";
		};
		FAB56286225B744500DE09E5 /* RM */ = {
			isa = PBXGroup;
			children = (
				FAB56287225B745000DE09E5 /* RMModel.swift */,
			);
			path = RM;
			sourceTree = "<group>";
		};
		FAB56289225B753C00DE09E5 /* Repository */ = {
			isa = PBXGroup;
			children = (
				FAB5628A225B754700DE09E5 /* ModelRemoteRepository.swift */,
				FAB5628E225B75D300DE09E5 /* DefaultModelRemoteRepository.swift */,
				FAB56290225B7A4700DE09E5 /* ModelLocalRepository.swift */,
				FA1D2A26225C92F900F24351 /* DefaultModelLocalRepository.swift */,
			);
			path = Repository;
			sourceTree = "<group>";
		};
		FACB36ED225D4707009439B5 /* AddOneFlow */ = {
			isa = PBXGroup;
			children = (
				FACB36F4225D4AC0009439B5 /* AddOne */,
				FACB36EE225D4717009439B5 /* AddOneCoordinator.swift */,
				FACB36F2225D4ABB009439B5 /* AddOneContainer.swift */,
			);
			path = AddOneFlow;
			sourceTree = "<group>";
		};
		FACB36F4225D4AC0009439B5 /* AddOne */ = {
			isa = PBXGroup;
			children = (
				FACB36F5225D4AFC009439B5 /* AddOneRoutes.swift */,
				FACB36F7225D4B07009439B5 /* AddOneFactory.swift */,
				FACB36F9225D4B15009439B5 /* AddOnePresenter.swift */,
				FACB36FB225D4C42009439B5 /* AddOneViewController.swift */,
				FA81AAC722BCB08800355769 /* AddOneView.swift */,
			);
			path = AddOne;
			sourceTree = "<group>";
		};
		FAF986582258C52900A33BAB /* Frameworks */ = {
			isa = PBXGroup;
			children = (
				FA81AACB22BCBB9400355769 /* RCKit.framework */,
				FAF9865B2258C52A00A33BAB /* Realm.framework */,
				FAF986592258C52A00A33BAB /* RealmSwift.framework */,
				FAF9865A2258C52A00A33BAB /* RxCleanKit.framework */,
				FAF9865C2258C52A00A33BAB /* RxCocoa.framework */,
				FAF9865D2258C52A00A33BAB /* RxSwift.framework */,
				FAF9865E2258C52A00A33BAB /* Swinject.framework */,
			);
			name = Frameworks;
			sourceTree = "<group>";
		};
/* End PBXGroup section */

/* Begin PBXNativeTarget section */
		FA22FBE12258BE5900E2E75A /* AppArchitecture */ = {
			isa = PBXNativeTarget;
			buildConfigurationList = FA22FBF42258BE5B00E2E75A /* Build configuration list for PBXNativeTarget "AppArchitecture" */;
			buildPhases = (
				FA22FBDE2258BE5900E2E75A /* Sources */,
				FA22FBDF2258BE5900E2E75A /* Frameworks */,
				FA22FBE02258BE5900E2E75A /* Resources */,
				FA22FBF72258BFC600E2E75A /* ShellScript */,
			);
			buildRules = (
			);
			dependencies = (
			);
			name = AppArchitecture;
			productName = example;
			productReference = FA22FBE22258BE5900E2E75A /* AppArchitecture.app */;
			productType = "com.apple.product-type.application";
		};
/* End PBXNativeTarget section */

/* Begin PBXProject section */
		FA22FBDA2258BE5900E2E75A /* Project object */ = {
			isa = PBXProject;
			attributes = {
				LastSwiftUpdateCheck = 1020;
				LastUpgradeCheck = 1020;
				ORGANIZATIONNAME = Alex;
				TargetAttributes = {
					FA22FBE12258BE5900E2E75A = {
						CreatedOnToolsVersion = 10.2;
					};
				};
			};
			buildConfigurationList = FA22FBDD2258BE5900E2E75A /* Build configuration list for PBXProject "AppArchitecture" */;
			compatibilityVersion = "Xcode 9.3";
			developmentRegion = en;
			hasScannedForEncodings = 0;
			knownRegions = (
				en,
				Base,
			);
			mainGroup = FA22FBD92258BE5900E2E75A;
			productRefGroup = FA22FBE32258BE5900E2E75A /* Products */;
			projectDirPath = "";
			projectRoot = "";
			targets = (
				FA22FBE12258BE5900E2E75A /* AppArchitecture */,
			);
		};
/* End PBXProject section */

/* Begin PBXResourcesBuildPhase section */
		FA22FBE02258BE5900E2E75A /* Resources */ = {
			isa = PBXResourcesBuildPhase;
			buildActionMask = 2147483647;
			files = (
				FA81AACA22BCB13F00355769 /* Cartfile in Resources */,
				FA22FBF02258BE5B00E2E75A /* LaunchScreen.storyboard in Resources */,
				FA22FBED2258BE5B00E2E75A /* Assets.xcassets in Resources */,
			);
			runOnlyForDeploymentPostprocessing = 0;
		};
/* End PBXResourcesBuildPhase section */

/* Begin PBXShellScriptBuildPhase section */
		FA22FBF72258BFC600E2E75A /* ShellScript */ = {
			isa = PBXShellScriptBuildPhase;
			buildActionMask = 2147483647;
			files = (
			);
			inputFileListPaths = (
			);
			inputPaths = (
				"$(SRCROOT)/Carthage/Build/iOS/RxSwift.framework",
				"$(SRCROOT)/Carthage/Build/iOS/Realm.framework",
				"$(SRCROOT)/Carthage/Build/iOS/RealmSwift.framework",
				"$(SRCROOT)/Carthage/Build/iOS/Swinject.framework",
				"$(SRCROOT)/Carthage/Build/iOS/RxCocoa.framework",
				"$(SRCROOT)/Carthage/Build/iOS/RCKit.framework",
				"$(SRCROOT)/Carthage/Build/iOS/RCRealm.framework",
				"$(SRCROOT)/Carthage/Build/iOS/RxRelay.framework",
			);
			outputFileListPaths = (
			);
			outputPaths = (
				"$(BUILT_PRODUCTS_DIR)/$(FRAMEWORKS_FOLDER_PATH)/RxSwift.framework",
				"$(BUILT_PRODUCTS_DIR)/$(FRAMEWORKS_FOLDER_PATH)/RealmSwift.framework",
				"$(BUILT_PRODUCTS_DIR)/$(FRAMEWORKS_FOLDER_PATH)/Realm.framework",
				"$(BUILT_PRODUCTS_DIR)/$(FRAMEWORKS_FOLDER_PATH)/Swinject.framework",
				"$(BUILT_PRODUCTS_DIR)/$(FRAMEWORKS_FOLDER_PATH)/RxCocoa.framework",
				"$(BUILT_PRODUCTS_DIR)/$(FRAMEWORKS_FOLDER_PATH)/RCKit.framework",
				"$(BUILT_PRODUCTS_DIR)/$(FRAMEWORKS_FOLDER_PATH)/RCRealm.framework",
				"$(BUILT_PRODUCTS_DIR)/$(FRAMEWORKS_FOLDER_PATH)/RxRelay.framework",
			);
			runOnlyForDeploymentPostprocessing = 0;
			shellPath = /bin/sh;
			shellScript = "/usr/local/bin/carthage copy-frameworks\n";
		};
/* End PBXShellScriptBuildPhase section */

/* Begin PBXSourcesBuildPhase section */
		FA22FBDE2258BE5900E2E75A /* Sources */ = {
			isa = PBXSourcesBuildPhase;
			buildActionMask = 2147483647;
			files = (
				FA1D2A1D225BDA1E00F24351 /* ListRoutes.swift in Sources */,
				FA22FBE62258BE5900E2E75A /* AppDelegate.swift in Sources */,
				FA1D2A20225BDB5F00F24351 /* ModelCollectionViewCell.swift in Sources */,
				FAB5627B225A85D600DE09E5 /* KeyValueStorage.swift in Sources */,
				FAB56288225B745000DE09E5 /* RMModel.swift in Sources */,
				FA1D2A23225BDCBD00F24351 /* ModelManager.swift in Sources */,
				FAB56280225A8BBE00DE09E5 /* MainMenuCoordinator.swift in Sources */,
				FACB36EF225D4717009439B5 /* AddOneCoordinator.swift in Sources */,
				FA81AAF922BCD07800355769 /* ListView.swift in Sources */,
				FAB56279225A840F00DE09E5 /* AppContainer.swift in Sources */,
				FACB36E8225D22FE009439B5 /* DetailFactory.swift in Sources */,
				FAB5628B225B754700DE09E5 /* ModelRemoteRepository.swift in Sources */,
				FAB5628F225B75D300DE09E5 /* DefaultModelRemoteRepository.swift in Sources */,
				FACB36E2225D22D0009439B5 /* DetailRoutes.swift in Sources */,
				FACB36F8225D4B07009439B5 /* AddOneFactory.swift in Sources */,
				FA1D2A1B225BDA1700F24351 /* ListFactory.swift in Sources */,
				FA1D2A25225C92B400F24351 /* MainMenuContainer.swift in Sources */,
				FAB56277225A83DC00DE09E5 /* PreferencesManager.swift in Sources */,
				FA81AAC822BCB08800355769 /* AddOneView.swift in Sources */,
				FA81AAFB22BCD7F300355769 /* DetailView.swift in Sources */,
				FACB36FD225D4C42009439B5 /* AddOneViewController.swift in Sources */,
				FACB36EB225D35BB009439B5 /* DetailViewController.swift in Sources */,
				FAB56273225A56F200DE09E5 /* ApplicationCoordinator.swift in Sources */,
				FACB36F1225D47F2009439B5 /* UIView+Extensions.swift in Sources */,
				FACB36E6225D22E4009439B5 /* DetailPresenter.swift in Sources */,
				FAB56291225B7A4700DE09E5 /* ModelLocalRepository.swift in Sources */,
				FACB36F6225D4AFC009439B5 /* AddOneRoutes.swift in Sources */,
				FACB36FA225D4B15009439B5 /* AddOnePresenter.swift in Sources */,
				FAB5627D225A879500DE09E5 /* DefaultCoordinatorActionFactory.swift in Sources */,
				FA1D2A17225BD9FF00F24351 /* ListViewController.swift in Sources */,
				FACB36F3225D4ABB009439B5 /* AddOneContainer.swift in Sources */,
				FAB56285225A8CE700DE09E5 /* Model.swift in Sources */,
				FA1D2A19225BDA0900F24351 /* ListViewPresenter.swift in Sources */,
				FA1D2A27225C92F900F24351 /* DefaultModelLocalRepository.swift in Sources */,
			);
			runOnlyForDeploymentPostprocessing = 0;
		};
/* End PBXSourcesBuildPhase section */

/* Begin PBXVariantGroup section */
		FA22FBEE2258BE5B00E2E75A /* LaunchScreen.storyboard */ = {
			isa = PBXVariantGroup;
			children = (
				FA22FBEF2258BE5B00E2E75A /* Base */,
			);
			name = LaunchScreen.storyboard;
			sourceTree = "<group>";
		};
/* End PBXVariantGroup section */

/* Begin XCBuildConfiguration section */
		FA22FBF22258BE5B00E2E75A /* Debug */ = {
			isa = XCBuildConfiguration;
			buildSettings = {
				ALWAYS_SEARCH_USER_PATHS = NO;
				CLANG_ANALYZER_NONNULL = YES;
				CLANG_ANALYZER_NUMBER_OBJECT_CONVERSION = YES_AGGRESSIVE;
				CLANG_CXX_LANGUAGE_STANDARD = "gnu++14";
				CLANG_CXX_LIBRARY = "libc++";
				CLANG_ENABLE_MODULES = YES;
				CLANG_ENABLE_OBJC_ARC = YES;
				CLANG_ENABLE_OBJC_WEAK = YES;
				CLANG_WARN_BLOCK_CAPTURE_AUTORELEASING = YES;
				CLANG_WARN_BOOL_CONVERSION = YES;
				CLANG_WARN_COMMA = YES;
				CLANG_WARN_CONSTANT_CONVERSION = YES;
				CLANG_WARN_DEPRECATED_OBJC_IMPLEMENTATIONS = YES;
				CLANG_WARN_DIRECT_OBJC_ISA_USAGE = YES_ERROR;
				CLANG_WARN_DOCUMENTATION_COMMENTS = YES;
				CLANG_WARN_EMPTY_BODY = YES;
				CLANG_WARN_ENUM_CONVERSION = YES;
				CLANG_WARN_INFINITE_RECURSION = YES;
				CLANG_WARN_INT_CONVERSION = YES;
				CLANG_WARN_NON_LITERAL_NULL_CONVERSION = YES;
				CLANG_WARN_OBJC_IMPLICIT_RETAIN_SELF = YES;
				CLANG_WARN_OBJC_LITERAL_CONVERSION = YES;
				CLANG_WARN_OBJC_ROOT_CLASS = YES_ERROR;
				CLANG_WARN_RANGE_LOOP_ANALYSIS = YES;
				CLANG_WARN_STRICT_PROTOTYPES = YES;
				CLANG_WARN_SUSPICIOUS_MOVE = YES;
				CLANG_WARN_UNGUARDED_AVAILABILITY = YES_AGGRESSIVE;
				CLANG_WARN_UNREACHABLE_CODE = YES;
				CLANG_WARN__DUPLICATE_METHOD_MATCH = YES;
				CODE_SIGN_IDENTITY = "iPhone Developer";
				COPY_PHASE_STRIP = NO;
				DEBUG_INFORMATION_FORMAT = dwarf;
				ENABLE_STRICT_OBJC_MSGSEND = YES;
				ENABLE_TESTABILITY = YES;
				GCC_C_LANGUAGE_STANDARD = gnu11;
				GCC_DYNAMIC_NO_PIC = NO;
				GCC_NO_COMMON_BLOCKS = YES;
				GCC_OPTIMIZATION_LEVEL = 0;
				GCC_PREPROCESSOR_DEFINITIONS = (
					"DEBUG=1",
					"$(inherited)",
				);
				GCC_WARN_64_TO_32_BIT_CONVERSION = YES;
				GCC_WARN_ABOUT_RETURN_TYPE = YES_ERROR;
				GCC_WARN_UNDECLARED_SELECTOR = YES;
				GCC_WARN_UNINITIALIZED_AUTOS = YES_AGGRESSIVE;
				GCC_WARN_UNUSED_FUNCTION = YES;
				GCC_WARN_UNUSED_VARIABLE = YES;
				IPHONEOS_DEPLOYMENT_TARGET = 9.0;
				MTL_ENABLE_DEBUG_INFO = INCLUDE_SOURCE;
				MTL_FAST_MATH = YES;
				ONLY_ACTIVE_ARCH = YES;
				SDKROOT = iphoneos;
				SWIFT_ACTIVE_COMPILATION_CONDITIONS = DEBUG;
				SWIFT_OPTIMIZATION_LEVEL = "-Onone";
			};
			name = Debug;
		};
		FA22FBF32258BE5B00E2E75A /* Release */ = {
			isa = XCBuildConfiguration;
			buildSettings = {
				ALWAYS_SEARCH_USER_PATHS = NO;
				CLANG_ANALYZER_NONNULL = YES;
				CLANG_ANALYZER_NUMBER_OBJECT_CONVERSION = YES_AGGRESSIVE;
				CLANG_CXX_LANGUAGE_STANDARD = "gnu++14";
				CLANG_CXX_LIBRARY = "libc++";
				CLANG_ENABLE_MODULES = YES;
				CLANG_ENABLE_OBJC_ARC = YES;
				CLANG_ENABLE_OBJC_WEAK = YES;
				CLANG_WARN_BLOCK_CAPTURE_AUTORELEASING = YES;
				CLANG_WARN_BOOL_CONVERSION = YES;
				CLANG_WARN_COMMA = YES;
				CLANG_WARN_CONSTANT_CONVERSION = YES;
				CLANG_WARN_DEPRECATED_OBJC_IMPLEMENTATIONS = YES;
				CLANG_WARN_DIRECT_OBJC_ISA_USAGE = YES_ERROR;
				CLANG_WARN_DOCUMENTATION_COMMENTS = YES;
				CLANG_WARN_EMPTY_BODY = YES;
				CLANG_WARN_ENUM_CONVERSION = YES;
				CLANG_WARN_INFINITE_RECURSION = YES;
				CLANG_WARN_INT_CONVERSION = YES;
				CLANG_WARN_NON_LITERAL_NULL_CONVERSION = YES;
				CLANG_WARN_OBJC_IMPLICIT_RETAIN_SELF = YES;
				CLANG_WARN_OBJC_LITERAL_CONVERSION = YES;
				CLANG_WARN_OBJC_ROOT_CLASS = YES_ERROR;
				CLANG_WARN_RANGE_LOOP_ANALYSIS = YES;
				CLANG_WARN_STRICT_PROTOTYPES = YES;
				CLANG_WARN_SUSPICIOUS_MOVE = YES;
				CLANG_WARN_UNGUARDED_AVAILABILITY = YES_AGGRESSIVE;
				CLANG_WARN_UNREACHABLE_CODE = YES;
				CLANG_WARN__DUPLICATE_METHOD_MATCH = YES;
				CODE_SIGN_IDENTITY = "iPhone Developer";
				COPY_PHASE_STRIP = NO;
				DEBUG_INFORMATION_FORMAT = "dwarf-with-dsym";
				ENABLE_NS_ASSERTIONS = NO;
				ENABLE_STRICT_OBJC_MSGSEND = YES;
				GCC_C_LANGUAGE_STANDARD = gnu11;
				GCC_NO_COMMON_BLOCKS = YES;
				GCC_WARN_64_TO_32_BIT_CONVERSION = YES;
				GCC_WARN_ABOUT_RETURN_TYPE = YES_ERROR;
				GCC_WARN_UNDECLARED_SELECTOR = YES;
				GCC_WARN_UNINITIALIZED_AUTOS = YES_AGGRESSIVE;
				GCC_WARN_UNUSED_FUNCTION = YES;
				GCC_WARN_UNUSED_VARIABLE = YES;
				IPHONEOS_DEPLOYMENT_TARGET = 9.0;
				MTL_ENABLE_DEBUG_INFO = NO;
				MTL_FAST_MATH = YES;
				SDKROOT = iphoneos;
				SWIFT_COMPILATION_MODE = wholemodule;
				SWIFT_OPTIMIZATION_LEVEL = "-O";
				VALIDATE_PRODUCT = YES;
			};
			name = Release;
		};
		FA22FBF52258BE5B00E2E75A /* Debug */ = {
			isa = XCBuildConfiguration;
			buildSettings = {
				ASSETCATALOG_COMPILER_APPICON_NAME = AppIcon;
				CODE_SIGN_STYLE = Automatic;
				DEVELOPMENT_TEAM = 5X83K7Q543;
				FRAMEWORK_SEARCH_PATHS = (
					"$(inherited)",
					"$(PROJECT_DIR)/Carthage/Build/iOS",
				);
				INFOPLIST_FILE = "$(SRCROOT)/AppArchitecture/Info.plist";
				IPHONEOS_DEPLOYMENT_TARGET = 9.0;
				LD_RUNPATH_SEARCH_PATHS = (
					"$(inherited)",
					"@executable_path/Frameworks",
				);
				PRODUCT_BUNDLE_IDENTIFIER = "com.wolvesstudio.ios-app-architecture";
				PRODUCT_NAME = "$(TARGET_NAME)";
				SWIFT_VERSION = 5.0;
				TARGETED_DEVICE_FAMILY = "1,2";
			};
			name = Debug;
		};
		FA22FBF62258BE5B00E2E75A /* Release */ = {
			isa = XCBuildConfiguration;
			buildSettings = {
				ASSETCATALOG_COMPILER_APPICON_NAME = AppIcon;
				CODE_SIGN_STYLE = Automatic;
				DEVELOPMENT_TEAM = 5X83K7Q543;
				FRAMEWORK_SEARCH_PATHS = (
					"$(inherited)",
					"$(PROJECT_DIR)/Carthage/Build/iOS",
				);
				INFOPLIST_FILE = "$(SRCROOT)/AppArchitecture/Info.plist";
				IPHONEOS_DEPLOYMENT_TARGET = 9.0;
				LD_RUNPATH_SEARCH_PATHS = (
					"$(inherited)",
					"@executable_path/Frameworks",
				);
				PRODUCT_BUNDLE_IDENTIFIER = "com.wolvesstudio.ios-app-architecture";
				PRODUCT_NAME = "$(TARGET_NAME)";
				SWIFT_VERSION = 5.0;
				TARGETED_DEVICE_FAMILY = "1,2";
			};
			name = Release;
		};
/* End XCBuildConfiguration section */

/* Begin XCConfigurationList section */
		FA22FBDD2258BE5900E2E75A /* Build configuration list for PBXProject "AppArchitecture" */ = {
			isa = XCConfigurationList;
			buildConfigurations = (
				FA22FBF22258BE5B00E2E75A /* Debug */,
				FA22FBF32258BE5B00E2E75A /* Release */,
			);
			defaultConfigurationIsVisible = 0;
			defaultConfigurationName = Release;
		};
		FA22FBF42258BE5B00E2E75A /* Build configuration list for PBXNativeTarget "AppArchitecture" */ = {
			isa = XCConfigurationList;
			buildConfigurations = (
				FA22FBF52258BE5B00E2E75A /* Debug */,
				FA22FBF62258BE5B00E2E75A /* Release */,
			);
			defaultConfigurationIsVisible = 0;
			defaultConfigurationName = Release;
		};
/* End XCConfigurationList section */
	};
	rootObject = FA22FBDA2258BE5900E2E75A /* Project object */;
}
